
Microsoft Visual Studio Solution File, Format Version 12.00
# Visual Studio Version 17
VisualStudioVersion = 17.7.34009.444
MinimumVisualStudioVersion = 10.0.40219.1
Project("{FAE04EC0-301F-11D3-BF4B-00C04F79EFBC}") = "Task", "ConsoleApp1\Task.csproj", "{D3A954B6-0F1E-40C2-8055-44E16619B618}"
EndProject
Project("{FAE04EC0-301F-11D3-BF4B-00C04F79EFBC}") = "Task.BL", "Task.BL\Task.BL.csproj", "{2C155963-F264-405C-862F-0985CD134936}"
EndProject
Project("{FAE04EC0-301F-11D3-BF4B-00C04F79EFBC}") = "Task.DAL", "Task.DAL\Task.DAL.csproj", "{7BBA3BFF-A5D7-4F54-A070-3CD01FDC18A9}"
EndProject
Global
	GlobalSection(SolutionConfigurationPlatforms) = preSolution
		Debug|Any CPU = Debug|Any CPU
		Release|Any CPU = Release|Any CPU
	EndGlobalSection
	GlobalSection(ProjectConfigurationPlatforms) = postSolution
		{D3A954B6-0F1E-40C2-8055-44E16619B618}.Debug|Any CPU.ActiveCfg = Debug|Any CPU
		{D3A954B6-0F1E-40C2-8055-44E16619B618}.Debug|Any CPU.Build.0 = Debug|Any CPU
		{D3A954B6-0F1E-40C2-8055-44E16619B618}.Release|Any CPU.ActiveCfg = Release|Any CPU
		{D3A954B6-0F1E-40C2-8055-44E16619B618}.Release|Any CPU.Build.0 = Release|Any CPU
		{2C155963-F264-405C-862F-0985CD134936}.Debug|Any CPU.ActiveCfg = Debug|Any CPU
		{2C155963-F264-405C-862F-0985CD134936}.Debug|Any CPU.Build.0 = Debug|Any CPU
		{2C155963-F264-405C-862F-0985CD134936}.Release|Any CPU.ActiveCfg = Release|Any CPU
		{2C155963-F264-405C-862F-0985CD134936}.Release|Any CPU.Build.0 = Release|Any CPU
		{7BBA3BFF-A5D7-4F54-A070-3CD01FDC18A9}.Debug|Any CPU.ActiveCfg = Debug|Any CPU
		{7BBA3BFF-A5D7-4F54-A070-3CD01FDC18A9}.Debug|Any CPU.Build.0 = Debug|Any CPU
		{7BBA3BFF-A5D7-4F54-A070-3CD01FDC18A9}.Release|Any CPU.ActiveCfg = Release|Any CPU
		{7BBA3BFF-A5D7-4F54-A070-3CD01FDC18A9}.Release|Any CPU.Build.0 = Release|Any CPU
	EndGlobalSection
	GlobalSection(SolutionProperties) = preSolution
		HideSolutionNode = FALSE
	EndGlobalSection
	GlobalSection(ExtensibilityGlobals) = postSolution
		SolutionGuid = {9B759249-59F6-4753-8CE4-555385D572AD}
	EndGlobalSection
EndGlobal
